{
  "name": "agent-guardrail-monitor",
  "version": "0.2.0-alpha.1",
  "lockfileVersion": 3,
  "requires": true,
  "packages": {
    "": {
      "name": "agent-guardrail-monitor",
      "version": "0.2.0-alpha.1",
      "license": "MIT",
      "bin": {
        "agent-guardrail-monitor": "bin/agent-guardrail-monitor.mjs",
        "agm": "bin/agent-guardrail-monitor.mjs"
      },
      "engines": {
        "node": ">=20"
      }
    }
  }
}
